
Microsoft Visual Studio Solution File, Format Version 12.00
# Visual Studio Version 17
VisualStudioVersion = 17.9.34607.119
MinimumVisualStudioVersion = 10.0.40219.1
Project("{FAE04EC0-301F-11D3-BF4B-00C04F79EFBC}") = "WpfApp2", "WpfApp2\WpfApp2.csproj", "{47CC7B27-0A0A-4424-BE6B-587E5248AA69}"
EndProject
Global
	GlobalSection(SolutionConfigurationPlatforms) = preSolution
		Debug|Any CPU = Debug|Any CPU
		Release|Any CPU = Release|Any CPU
	EndGlobalSection
	GlobalSection(ProjectConfigurationPlatforms) = postSolution
		{47CC7B27-0A0A-4424-BE6B-587E5248AA69}.Debug|Any CPU.ActiveCfg = Debug|Any CPU
		{47CC7B27-0A0A-4424-BE6B-587E5248AA69}.Debug|Any CPU.Build.0 = Debug|Any CPU
		{47CC7B27-0A0A-4424-BE6B-587E5248AA69}.Release|Any CPU.ActiveCfg = Release|Any CPU
		{47CC7B27-0A0A-4424-BE6B-587E5248AA69}.Release|Any CPU.Build.0 = Release|Any CPU
	EndGlobalSection
	GlobalSection(SolutionProperties) = preSolution
		HideSolutionNode = FALSE
	EndGlobalSection
	GlobalSection(ExtensibilityGlobals) = postSolution
		SolutionGuid = {AC4C5B2F-147F-412E-871D-DFB1D9CA95EA}
	EndGlobalSection
EndGlobal
